<?xml version="1.0" encoding="utf-8"?>
<Project ToolsVersion="4.0" xmlns="http://schemas.microsoft.com/developer/msbuild/2003">
  <ItemGroup>
    <Filter Include="Eeyore">
      <UniqueIdentifier>{2EE43AB0-1A86-6586-0341-79DAEF81ECD6}</UniqueIdentifier>
    </Filter>
    <Filter Include="Eeyore\Events">
      <UniqueIdentifier>{5250DCCB-BE10-5802-874B-A17FF3CA9CDE}</UniqueIdentifier>
    </Filter>
    <Filter Include="Eeyore\Platform">
      <UniqueIdentifier>{42B44F50-AE3F-BD14-B750-4009235B1915}</UniqueIdentifier>
    </Filter>
    <Filter Include="Eeyore\Platform\Windows">
      <UniqueIdentifier>{7C80E63C-E8B7-2ED4-F1C1-92F75D7855CD}</UniqueIdentifier>
    </Filter>
  </ItemGroup>
  <ItemGroup>
    <ClInclude Include="src\Eeyore.h" />
    <ClInclude Include="src\Eeyore\Application.h">
      <Filter>Eeyore</Filter>
    </ClInclude>
    <ClInclude Include="src\Eeyore\Core.h">
      <Filter>Eeyore</Filter>
    </ClInclude>
    <ClInclude Include="src\Eeyore\EntryPoint.h">
      <Filter>Eeyore</Filter>
    </ClInclude>
    <ClInclude Include="src\Eeyore\Events\ApplicationEvent.h">
      <Filter>Eeyore\Events</Filter>
    </ClInclude>
    <ClInclude Include="src\Eeyore\Events\Event.h">
      <Filter>Eeyore\Events</Filter>
    </ClInclude>
    <ClInclude Include="src\Eeyore\Events\KeyEvent.h">
      <Filter>Eeyore\Events</Filter>
    </ClInclude>
    <ClInclude Include="src\Eeyore\Events\MouseEvent.h">
      <Filter>Eeyore\Events</Filter>
    </ClInclude>
    <ClInclude Include="src\Eeyore\Log.h">
      <Filter>Eeyore</Filter>
    </ClInclude>
    <ClInclude Include="src\Platform\Windows\WindowsWindow.h">
      <Filter>Eeyore\Platform\Windows</Filter>
    </ClInclude>
    <ClInclude Include="src\Eeyore\Window.h">
      <Filter>Eeyore</Filter>
    </ClInclude>
    <ClInclude Include="src\Eeyore\Layer.h" />
    <ClInclude Include="src\Eeyore\LayerStack.h" />
    <ClInclude Include="src\erpch.h" />
  </ItemGroup>
  <ItemGroup>
    <ClCompile Include="src\Eeyore\Application.cpp">
      <Filter>Eeyore</Filter>
    </ClCompile>
    <ClCompile Include="src\Eeyore\Log.cpp">
      <Filter>Eeyore</Filter>
    </ClCompile>
    <ClCompile Include="src\Platform\Windows\WindowsWindow.cpp">
      <Filter>Eeyore\Platform\Windows</Filter>
    </ClCompile>
    <ClCompile Include="src\Eeyore\Layer.cpp" />
    <ClCompile Include="src\Eeyore\LayerStack.cpp" />
    <ClCompile Include="src\erpch.cpp" />
  </ItemGroup>
</Project>